
Microsoft Visual Studio Solution File, Format Version 12.00
# Visual Studio Version 16
VisualStudioVersion = 16.0.29728.190
MinimumVisualStudioVersion = 10.0.40219.1
Project("{9A19103F-16F7-4668-BE54-9A1E7A4F7556}") = "LinkCollectionApp", "LinkCollectionApp.csproj", "{17D48086-B61C-4F38-ACB7-F66F2F4F23F1}"
EndProject
Global
	GlobalSection(SolutionConfigurationPlatforms) = preSolution
		Debug|Any CPU = Debug|Any CPU
		Release|Any CPU = Release|Any CPU
	EndGlobalSection
	GlobalSection(ProjectConfigurationPlatforms) = postSolution
		{17D48086-B61C-4F38-ACB7-F66F2F4F23F1}.Debug|Any CPU.ActiveCfg = Debug|Any CPU
		{17D48086-B61C-4F38-ACB7-F66F2F4F23F1}.Debug|Any CPU.Build.0 = Debug|Any CPU
		{17D48086-B61C-4F38-ACB7-F66F2F4F23F1}.Release|Any CPU.ActiveCfg = Release|Any CPU
		{17D48086-B61C-4F38-ACB7-F66F2F4F23F1}.Release|Any CPU.Build.0 = Release|Any CPU
	EndGlobalSection
	GlobalSection(SolutionProperties) = preSolution
		HideSolutionNode = FALSE
	EndGlobalSection
	GlobalSection(ExtensibilityGlobals) = postSolution
		SolutionGuid = {CE79F9F5-70AF-467A-A5F5-E50DEDAEDBCF}
	EndGlobalSection
EndGlobal
